
Microsoft Visual Studio Solution File, Format Version 12.00
# Visual Studio 15
VisualStudioVersion = 15.0.28307.168
MinimumVisualStudioVersion = 10.0.40219.1
Project("{FAE04EC0-301F-11D3-BF4B-00C04F79EFBC}") = "DuckHuntV04", "DuckHuntV04\DuckHuntV04.csproj", "{0C14FB3D-5929-47FE-BB7F-6FF5D03235DB}"
EndProject
Global
	GlobalSection(SolutionConfigurationPlatforms) = preSolution
		Debug|Any CPU = Debug|Any CPU
		Release|Any CPU = Release|Any CPU
	EndGlobalSection
	GlobalSection(ProjectConfigurationPlatforms) = postSolution
		{0C14FB3D-5929-47FE-BB7F-6FF5D03235DB}.Debug|Any CPU.ActiveCfg = Debug|Any CPU
		{0C14FB3D-5929-47FE-BB7F-6FF5D03235DB}.Debug|Any CPU.Build.0 = Debug|Any CPU
		{0C14FB3D-5929-47FE-BB7F-6FF5D03235DB}.Release|Any CPU.ActiveCfg = Release|Any CPU
		{0C14FB3D-5929-47FE-BB7F-6FF5D03235DB}.Release|Any CPU.Build.0 = Release|Any CPU
	EndGlobalSection
	GlobalSection(SolutionProperties) = preSolution
		HideSolutionNode = FALSE
	EndGlobalSection
	GlobalSection(ExtensibilityGlobals) = postSolution
		SolutionGuid = {83284498-AB23-4C95-A06A-E132B98B82D1}
	EndGlobalSection
EndGlobal
